<?xml version="1.0" encoding="utf-8"?>
<Project ToolsVersion="4.0" xmlns="http://schemas.microsoft.com/developer/msbuild/2003">
  <ItemGroup>
    <Filter Include="Source Files">
      <UniqueIdentifier>{4FC737F1-C7A5-4376-A066-2A32D752A2FF}</UniqueIdentifier>
      <Extensions>cpp;c;cc;cxx;c++;cppm;ixx;def;odl;idl;hpj;bat;asm;asmx</Extensions>
    </Filter>
    <Filter Include="Header Files">
      <UniqueIdentifier>{93995380-89BD-4b04-88EB-625FBE52EBFB}</UniqueIdentifier>
      <Extensions>h;hh;hpp;hxx;h++;hm;inl;inc;ipp;xsd</Extensions>
    </Filter>
    <Filter Include="Resource Files">
      <UniqueIdentifier>{67DA6AB6-F800-4c08-8B7A-83BB121AAD01}</UniqueIdentifier>
      <Extensions>rc;ico;cur;bmp;dlg;rc2;rct;bin;rgs;gif;jpg;jpeg;jpe;resx;tiff;tif;png;wav;mfcribbon-ms</Extensions>
    </Filter>
    <Filter Include="Library Files">
      <UniqueIdentifier>{03196f2b-6ca4-41b2-92c1-b83c921c2769}</UniqueIdentifier>
    </Filter>
    <Filter Include="Shader Files">
      <UniqueIdentifier>{a6d735f6-e47e-4366-b8fb-ab1c3475c810}</UniqueIdentifier>
    </Filter>
    <Filter Include="Source Files\General">
      <UniqueIdentifier>{d5ec4305-b3f4-4984-956f-08a7a7a9fe94}</UniqueIdentifier>
    </Filter>
    <Filter Include="Header Files\General">
      <UniqueIdentifier>{89996706-00d0-4dd3-bc26-91b96f633789}</UniqueIdentifier>
    </Filter>
    <Filter Include="Header Files\Objects">
      <UniqueIdentifier>{9b687d2f-5fa5-4947-9e0c-ff97d52da2df}</UniqueIdentifier>
    </Filter>
    <Filter Include="Source Files\Objects">
      <UniqueIdentifier>{a11f5473-7eb3-438e-b041-640003e83470}</UniqueIdentifier>
    </Filter>
    <Filter Include="Header Files\Global">
      <UniqueIdentifier>{90b7e08f-20e9-49b5-ac1a-65ff00dd003c}</UniqueIdentifier>
    </Filter>
    <Filter Include="Source Files\Global">
      <UniqueIdentifier>{8a67f51c-097a-449c-9a73-307312bb666b}</UniqueIdentifier>
    </Filter>
    <Filter Include="Source Files\Scene">
      <UniqueIdentifier>{66973ee4-d843-4be4-8b86-41fba4ee6cbf}</UniqueIdentifier>
    </Filter>
    <Filter Include="Header Files\Scene">
      <UniqueIdentifier>{96e8c0ab-4e58-40e0-8e21-c07727716f64}</UniqueIdentifier>
    </Filter>
    <Filter Include="Source Files\ECS">
      <UniqueIdentifier>{bd84eb3b-1d25-4a92-a2cf-fa6f3cbdda97}</UniqueIdentifier>
    </Filter>
    <Filter Include="Header Files\ECS">
      <UniqueIdentifier>{8be4906f-cf02-439e-8a71-3fc7a2ed16a7}</UniqueIdentifier>
    </Filter>
  </ItemGroup>
  <ItemGroup>
    <ClCompile Include="src\glad.c">
      <Filter>Library Files</Filter>
    </ClCompile>
    <ClCompile Include="src\Camera.cpp">
      <Filter>Source Files\General</Filter>
    </ClCompile>
    <ClCompile Include="src\Main.cpp">
      <Filter>Source Files\General</Filter>
    </ClCompile>
    <ClCompile Include="src\Shader.cpp">
      <Filter>Source Files\General</Filter>
    </ClCompile>
    <ClCompile Include="src\Window.cpp">
      <Filter>Source Files\General</Filter>
    </ClCompile>
    <ClCompile Include="src\Objects\Octree.cpp">
      <Filter>Source Files\Objects</Filter>
    </ClCompile>
    <ClCompile Include="src\Objects\Model.cpp">
      <Filter>Source Files\Objects</Filter>
    </ClCompile>
    <ClCompile Include="src\Global\GLHelperFunctions.cpp">
      <Filter>Source Files\Global</Filter>
    </ClCompile>
    <ClCompile Include="src\Global\VertexData.cpp">
      <Filter>Source Files\Global</Filter>
    </ClCompile>
    <ClCompile Include="src\Global\GeneralHelperFunctions.cpp">
      <Filter>Source Files\Global</Filter>
    </ClCompile>
    <ClCompile Include="src\Scene\Scene.cpp">
      <Filter>Source Files\Scene</Filter>
    </ClCompile>
    <ClCompile Include="src\ECS\Component.cpp">
      <Filter>Source Files\ECS</Filter>
    </ClCompile>
    <ClCompile Include="src\ECS\SustainedSystem.cpp">
      <Filter>Source Files\ECS</Filter>
    </ClCompile>
    <ClCompile Include="src\ECS\EventSystem.cpp">
      <Filter>Source Files\ECS</Filter>
    </ClCompile>
    <ClCompile Include="src\ECS\OctreeECS.cpp">
      <Filter>Source Files</Filter>
    </ClCompile>
  </ItemGroup>
  <ItemGroup>
    <ClInclude Include="src\Headers\Camera.h">
      <Filter>Header Files\General</Filter>
    </ClInclude>
    <ClInclude Include="src\Headers\Shader.h">
      <Filter>Header Files\General</Filter>
    </ClInclude>
    <ClInclude Include="src\Headers\Window.h">
      <Filter>Header Files\General</Filter>
    </ClInclude>
    <ClInclude Include="src\Headers\Objects\Octree.h">
      <Filter>Header Files\Objects</Filter>
    </ClInclude>
    <ClInclude Include="src\Headers\Objects\Model.h">
      <Filter>Header Files\Objects</Filter>
    </ClInclude>
    <ClInclude Include="src\Vendors\Noise\FastNoiseLite.h">
      <Filter>Header Files\Global</Filter>
    </ClInclude>
    <ClInclude Include="src\Headers\Global\GLHelperFunctions.h">
      <Filter>Header Files\Global</Filter>
    </ClInclude>
    <ClInclude Include="src\Headers\Global\VertexData.h">
      <Filter>Header Files\Global</Filter>
    </ClInclude>
    <ClInclude Include="src\Headers\Global\GeneralHelperFunctions.h">
      <Filter>Header Files\Global</Filter>
    </ClInclude>
    <ClInclude Include="src\Headers\Scene\Scene.h">
      <Filter>Header Files\Scene</Filter>
    </ClInclude>
    <ClInclude Include="src\Headers\ECS\Component.h">
      <Filter>Header Files\ECS</Filter>
    </ClInclude>
    <ClInclude Include="src\Headers\ECS\SustainedSystem.h">
      <Filter>Header Files\ECS</Filter>
    </ClInclude>
    <ClInclude Include="src\Headers\ECS\System.h">
      <Filter>Header Files\ECS</Filter>
    </ClInclude>
    <ClInclude Include="src\Headers\ECS\EventSystem.h">
      <Filter>Header Files\ECS</Filter>
    </ClInclude>
    <ClInclude Include="src\Headers\ECS\OctreeECS.h">
      <Filter>Header Files</Filter>
    </ClInclude>
    <ClInclude Include="src\Headers\Observer pattern\SceneObserver.h">
      <Filter>Header Files</Filter>
    </ClInclude>
  </ItemGroup>
  <ItemGroup>
    <None Include="shaders\light.frag">
      <Filter>Shader Files</Filter>
    </None>
    <None Include="shaders\light.vert">
      <Filter>Shader Files</Filter>
    </None>
    <None Include="shaders\object.frag">
      <Filter>Shader Files</Filter>
    </None>
    <None Include="shaders\object.vert">
      <Filter>Shader Files</Filter>
    </None>
    <None Include="shaders\voxelInstancing.frag">
      <Filter>Shader Files</Filter>
    </None>
    <None Include="shaders\voxelInstancing.geom">
      <Filter>Shader Files</Filter>
    </None>
    <None Include="shaders\voxelInstancingTerrain.vert">
      <Filter>Shader Files</Filter>
    </None>
    <None Include="shaders\octreeBoundingBox.frag">
      <Filter>Shader Files</Filter>
    </None>
    <None Include="shaders\octreeBoundingBox.geom">
      <Filter>Shader Files</Filter>
    </None>
    <None Include="shaders\octreeBoundingBox.vert">
      <Filter>Shader Files</Filter>
    </None>
    <None Include="shaders\voxelInstancing.vert">
      <Filter>Shader Files</Filter>
    </None>
  </ItemGroup>
</Project>