
Microsoft Visual Studio Solution File, Format Version 12.00
# Visual Studio Version 16
VisualStudioVersion = 16.0.31105.61
MinimumVisualStudioVersion = 10.0.40219.1
Project("{8BC9CEB8-8B4A-11D0-8D11-00A0C91BC942}") = "opengl-voxels-1", "opengl-voxels-1.vcxproj", "{4602FEF2-9E7F-4343-8200-80E3EC3E2FDF}"
EndProject
Global
	GlobalSection(SolutionConfigurationPlatforms) = preSolution
		Debug|x64 = Debug|x64
		Debug|x86 = Debug|x86
		Release|x64 = Release|x64
		Release|x86 = Release|x86
	EndGlobalSection
	GlobalSection(ProjectConfigurationPlatforms) = postSolution
		{4602FEF2-9E7F-4343-8200-80E3EC3E2FDF}.Debug|x64.ActiveCfg = Debug|x64
		{4602FEF2-9E7F-4343-8200-80E3EC3E2FDF}.Debug|x64.Build.0 = Debug|x64
		{4602FEF2-9E7F-4343-8200-80E3EC3E2FDF}.Debug|x86.ActiveCfg = Debug|Win32
		{4602FEF2-9E7F-4343-8200-80E3EC3E2FDF}.Debug|x86.Build.0 = Debug|Win32
		{4602FEF2-9E7F-4343-8200-80E3EC3E2FDF}.Release|x64.ActiveCfg = Release|x64
		{4602FEF2-9E7F-4343-8200-80E3EC3E2FDF}.Release|x64.Build.0 = Release|x64
		{4602FEF2-9E7F-4343-8200-80E3EC3E2FDF}.Release|x86.ActiveCfg = Release|Win32
		{4602FEF2-9E7F-4343-8200-80E3EC3E2FDF}.Release|x86.Build.0 = Release|Win32
	EndGlobalSection
	GlobalSection(SolutionProperties) = preSolution
		HideSolutionNode = FALSE
	EndGlobalSection
	GlobalSection(ExtensibilityGlobals) = postSolution
		SolutionGuid = {B3164A5C-61F4-4F73-97E2-45A5390D5663}
	EndGlobalSection
EndGlobal
